// !$*UTF8*$!
{
	archiveVersion = 1;
	classes = {
	};
	objectVersion = 56;
	objects = {

/* Begin PBXBuildFile section */
		961F55752A43054400F4E802 /* GitProjectApp.swift in Sources */ = {isa = PBXBuildFile; fileRef = 961F55742A43054400F4E802 /* GitProjectApp.swift */; };
		961F55772A43054400F4E802 /* ContentView.swift in Sources */ = {isa = PBXBuildFile; fileRef = 961F55762A43054400F4E802 /* ContentView.swift */; };
		961F55792A43054600F4E802 /* Assets.xcassets in Resources */ = {isa = PBXBuildFile; fileRef = 961F55782A43054600F4E802 /* Assets.xcassets */; };
		961F557D2A43054600F4E802 /* Preview Assets.xcassets in Resources */ = {isa = PBXBuildFile; fileRef = 961F557C2A43054600F4E802 /* Preview Assets.xcassets */; };
		961F55872A43054600F4E802 /* GitProjectTests.swift in Sources */ = {isa = PBXBuildFile; fileRef = 961F55862A43054600F4E802 /* GitProjectTests.swift */; };
		961F55912A43054600F4E802 /* GitProjectUITests.swift in Sources */ = {isa = PBXBuildFile; fileRef = 961F55902A43054600F4E802 /* GitProjectUITests.swift */; };
		961F55932A43054600F4E802 /* GitProjectUITestsLaunchTests.swift in Sources */ = {isa = PBXBuildFile; fileRef = 961F55922A43054600F4E802 /* GitProjectUITestsLaunchTests.swift */; };
/* End PBXBuildFile section */

/* Begin PBXContainerItemProxy section */
		961F55832A43054600F4E802 /* PBXContainerItemProxy */ = {
			isa = PBXContainerItemProxy;
			containerPortal = 961F55692A43054400F4E802 /* Project object */;
			proxyType = 1;
			remoteGlobalIDString = 961F55702A43054400F4E802;
			remoteInfo = GitProject;
		};
		961F558D2A43054600F4E802 /* PBXContainerItemProxy */ = {
			isa = PBXContainerItemProxy;
			containerPortal = 961F55692A43054400F4E802 /* Project object */;
			proxyType = 1;
			remoteGlobalIDString = 961F55702A43054400F4E802;
			remoteInfo = GitProject;
		};
/* End PBXContainerItemProxy section */

/* Begin PBXFileReference section */
		961F55712A43054400F4E802 /* GitProject.app */ = {isa = PBXFileReference; explicitFileType = wrapper.application; includeInIndex = 0; path = GitProject.app; sourceTree = BUILT_PRODUCTS_DIR; };
		961F55742A43054400F4E802 /* GitProjectApp.swift */ = {isa = PBXFileReference; lastKnownFileType = sourcecode.swift; path = GitProjectApp.swift; sourceTree = "<group>"; };
		961F55762A43054400F4E802 /* ContentView.swift */ = {isa = PBXFileReference; lastKnownFileType = sourcecode.swift; path = ContentView.swift; sourceTree = "<group>"; };
		961F55782A43054600F4E802 /* Assets.xcassets */ = {isa = PBXFileReference; lastKnownFileType = folder.assetcatalog; path = Assets.xcassets; sourceTree = "<group>"; };
		961F557A2A43054600F4E802 /* GitProject.entitlements */ = {isa = PBXFileReference; lastKnownFileType = text.plist.entitlements; path = GitProject.entitlements; sourceTree = "<group>"; };
		961F557C2A43054600F4E802 /* Preview Assets.xcassets */ = {isa = PBXFileReference; lastKnownFileType = folder.assetcatalog; path = "Preview Assets.xcassets"; sourceTree = "<group>"; };
		961F55822A43054600F4E802 /* GitProjectTests.xctest */ = {isa = PBXFileReference; explicitFileType = wrapper.cfbundle; includeInIndex = 0; path = GitProjectTests.xctest; sourceTree = BUILT_PRODUCTS_DIR; };
		961F55862A43054600F4E802 /* GitProjectTests.swift */ = {isa = PBXFileReference; lastKnownFileType = sourcecode.swift; path = GitProjectTests.swift; sourceTree = "<group>"; };
		961F558C2A43054600F4E802 /* GitProjectUITests.xctest */ = {isa = PBXFileReference; explicitFileType = wrapper.cfbundle; includeInIndex = 0; path = GitProjectUITests.xctest; sourceTree = BUILT_PRODUCTS_DIR; };
		961F55902A43054600F4E802 /* GitProjectUITests.swift */ = {isa = PBXFileReference; lastKnownFileType = sourcecode.swift; path = GitProjectUITests.swift; sourceTree = "<group>"; };
		961F55922A43054600F4E802 /* GitProjectUITestsLaunchTests.swift */ = {isa = PBXFileReference; lastKnownFileType = sourcecode.swift; path = GitProjectUITestsLaunchTests.swift; sourceTree = "<group>"; };
/* End PBXFileReference section */

/* Begin PBXFrameworksBuildPhase section */
		961F556E2A43054400F4E802 /* Frameworks */ = {
			isa = PBXFrameworksBuildPhase;
			buildActionMask = 2147483647;
			files = (
			);
			runOnlyForDeploymentPostprocessing = 0;
		};
		961F557F2A43054600F4E802 /* Frameworks */ = {
			isa = PBXFrameworksBuildPhase;
			buildActionMask = 2147483647;
			files = (
			);
			runOnlyForDeploymentPostprocessing = 0;
		};
		961F55892A43054600F4E802 /* Frameworks */ = {
			isa = PBXFrameworksBuildPhase;
			buildActionMask = 2147483647;
			files = (
			);
			runOnlyForDeploymentPostprocessing = 0;
		};
/* End PBXFrameworksBuildPhase section */

/* Begin PBXGroup section */
		961F55682A43054400F4E802 = {
			isa = PBXGroup;
			children = (
				961F55732A43054400F4E802 /* GitProject */,
				961F55852A43054600F4E802 /* GitProjectTests */,
				961F558F2A43054600F4E802 /* GitProjectUITests */,
				961F55722A43054400F4E802 /* Products */,
			);
			sourceTree = "<group>";
		};
		961F55722A43054400F4E802 /* Products */ = {
			isa = PBXGroup;
			children = (
				961F55712A43054400F4E802 /* GitProject.app */,
				961F55822A43054600F4E802 /* GitProjectTests.xctest */,
				961F558C2A43054600F4E802 /* GitProjectUITests.xctest */,
			);
			name = Products;
			sourceTree = "<group>";
		};
		961F55732A43054400F4E802 /* GitProject */ = {
			isa = PBXGroup;
			children = (
				961F55742A43054400F4E802 /* GitProjectApp.swift */,
				961F55762A43054400F4E802 /* ContentView.swift */,
				961F55782A43054600F4E802 /* Assets.xcassets */,
				961F557A2A43054600F4E802 /* GitProject.entitlements */,
				961F557B2A43054600F4E802 /* Preview Content */,
			);
			path = GitProject;
			sourceTree = "<group>";
		};
		961F557B2A43054600F4E802 /* Preview Content */ = {
			isa = PBXGroup;
			children = (
				961F557C2A43054600F4E802 /* Preview Assets.xcassets */,
			);
			path = "Preview Content";
			sourceTree = "<group>";
		};
		961F55852A43054600F4E802 /* GitProjectTests */ = {
			isa = PBXGroup;
			children = (
				961F55862A43054600F4E802 /* GitProjectTests.swift */,
			);
			path = GitProjectTests;
			sourceTree = "<group>";
		};
		961F558F2A43054600F4E802 /* GitProjectUITests */ = {
			isa = PBXGroup;
			children = (
				961F55902A43054600F4E802 /* GitProjectUITests.swift */,
				961F55922A43054600F4E802 /* GitProjectUITestsLaunchTests.swift */,
			);
			path = GitProjectUITests;
			sourceTree = "<group>";
		};
/* End PBXGroup section */

/* Begin PBXNativeTarget section */
		961F55702A43054400F4E802 /* GitProject */ = {
			isa = PBXNativeTarget;
			buildConfigurationList = 961F55962A43054600F4E802 /* Build configuration list for PBXNativeTarget "GitProject" */;
			buildPhases = (
				961F556D2A43054400F4E802 /* Sources */,
				961F556E2A43054400F4E802 /* Frameworks */,
				961F556F2A43054400F4E802 /* Resources */,
			);
			buildRules = (
			);
			dependencies = (
			);
			name = GitProject;
			productName = GitProject;
			productReference = 961F55712A43054400F4E802 /* GitProject.app */;
			productType = "com.apple.product-type.application";
		};
		961F55812A43054600F4E802 /* GitProjectTests */ = {
			isa = PBXNativeTarget;
			buildConfigurationList = 961F55992A43054600F4E802 /* Build configuration list for PBXNativeTarget "GitProjectTests" */;
			buildPhases = (
				961F557E2A43054600F4E802 /* Sources */,
				961F557F2A43054600F4E802 /* Frameworks */,
				961F55802A43054600F4E802 /* Resources */,
			);
			buildRules = (
			);
			dependencies = (
				961F55842A43054600F4E802 /* PBXTargetDependency */,
			);
			name = GitProjectTests;
			productName = GitProjectTests;
			productReference = 961F55822A43054600F4E802 /* GitProjectTests.xctest */;
			productType = "com.apple.product-type.bundle.unit-test";
		};
		961F558B2A43054600F4E802 /* GitProjectUITests */ = {
			isa = PBXNativeTarget;
			buildConfigurationList = 961F559C2A43054600F4E802 /* Build configuration list for PBXNativeTarget "GitProjectUITests" */;
			buildPhases = (
				961F55882A43054600F4E802 /* Sources */,
				961F55892A43054600F4E802 /* Frameworks */,
				961F558A2A43054600F4E802 /* Resources */,
			);
			buildRules = (
			);
			dependencies = (
				961F558E2A43054600F4E802 /* PBXTargetDependency */,
			);
			name = GitProjectUITests;
			productName = GitProjectUITests;
			productReference = 961F558C2A43054600F4E802 /* GitProjectUITests.xctest */;
			productType = "com.apple.product-type.bundle.ui-testing";
		};
/* End PBXNativeTarget section */

/* Begin PBXProject section */
		961F55692A43054400F4E802 /* Project object */ = {
			isa = PBXProject;
			attributes = {
				BuildIndependentTargetsInParallel = 1;
				LastSwiftUpdateCheck = 1430;
				LastUpgradeCheck = 1430;
				TargetAttributes = {
					961F55702A43054400F4E802 = {
						CreatedOnToolsVersion = 14.3.1;
					};
					961F55812A43054600F4E802 = {
						CreatedOnToolsVersion = 14.3.1;
						TestTargetID = 961F55702A43054400F4E802;
					};
					961F558B2A43054600F4E802 = {
						CreatedOnToolsVersion = 14.3.1;
						TestTargetID = 961F55702A43054400F4E802;
					};
				};
			};
			buildConfigurationList = 961F556C2A43054400F4E802 /* Build configuration list for PBXProject "GitProject" */;
			compatibilityVersion = "Xcode 14.0";
			developmentRegion = en;
			hasScannedForEncodings = 0;
			knownRegions = (
				en,
				Base,
			);
			mainGroup = 961F55682A43054400F4E802;
			productRefGroup = 961F55722A43054400F4E802 /* Products */;
			projectDirPath = "";
			projectRoot = "";
			targets = (
				961F55702A43054400F4E802 /* GitProject */,
				961F55812A43054600F4E802 /* GitProjectTests */,
				961F558B2A43054600F4E802 /* GitProjectUITests */,
			);
		};
/* End PBXProject section */

/* Begin PBXResourcesBuildPhase section */
		961F556F2A43054400F4E802 /* Resources */ = {
			isa = PBXResourcesBuildPhase;
			buildActionMask = 2147483647;
			files = (
				961F557D2A43054600F4E802 /* Preview Assets.xcassets in Resources */,
				961F55792A43054600F4E802 /* Assets.xcassets in Resources */,
			);
			runOnlyForDeploymentPostprocessing = 0;
		};
		961F55802A43054600F4E802 /* Resources */ = {
			isa = PBXResourcesBuildPhase;
			buildActionMask = 2147483647;
			files = (
			);
			runOnlyForDeploymentPostprocessing = 0;
		};
		961F558A2A43054600F4E802 /* Resources */ = {
			isa = PBXResourcesBuildPhase;
			buildActionMask = 2147483647;
			files = (
			);
			runOnlyForDeploymentPostprocessing = 0;
		};
/* End PBXResourcesBuildPhase section */

/* Begin PBXSourcesBuildPhase section */
		961F556D2A43054400F4E802 /* Sources */ = {
			isa = PBXSourcesBuildPhase;
			buildActionMask = 2147483647;
			files = (
				961F55772A43054400F4E802 /* ContentView.swift in Sources */,
				961F55752A43054400F4E802 /* GitProjectApp.swift in Sources */,
			);
			runOnlyForDeploymentPostprocessing = 0;
		};
		961F557E2A43054600F4E802 /* Sources */ = {
			isa = PBXSourcesBuildPhase;
			buildActionMask = 2147483647;
			files = (
				961F55872A43054600F4E802 /* GitProjectTests.swift in Sources */,
			);
			runOnlyForDeploymentPostprocessing = 0;
		};
		961F55882A43054600F4E802 /* Sources */ = {
			isa = PBXSourcesBuildPhase;
			buildActionMask = 2147483647;
			files = (
				961F55912A43054600F4E802 /* GitProjectUITests.swift in Sources */,
				961F55932A43054600F4E802 /* GitProjectUITestsLaunchTests.swift in Sources */,
			);
			runOnlyForDeploymentPostprocessing = 0;
		};
/* End PBXSourcesBuildPhase section */

/* Begin PBXTargetDependency section */
		961F55842A43054600F4E802 /* PBXTargetDependency */ = {
			isa = PBXTargetDependency;
			target = 961F55702A43054400F4E802 /* GitProject */;
			targetProxy = 961F55832A43054600F4E802 /* PBXContainerItemProxy */;
		};
		961F558E2A43054600F4E802 /* PBXTargetDependency */ = {
			isa = PBXTargetDependency;
			target = 961F55702A43054400F4E802 /* GitProject */;
			targetProxy = 961F558D2A43054600F4E802 /* PBXContainerItemProxy */;
		};
/* End PBXTargetDependency section */

/* Begin XCBuildConfiguration section */
		961F55942A43054600F4E802 /* Debug */ = {
			isa = XCBuildConfiguration;
			buildSettings = {
				ALWAYS_SEARCH_USER_PATHS = NO;
				CLANG_ANALYZER_NONNULL = YES;
				CLANG_ANALYZER_NUMBER_OBJECT_CONVERSION = YES_AGGRESSIVE;
				CLANG_CXX_LANGUAGE_STANDARD = "gnu++20";
				CLANG_ENABLE_MODULES = YES;
				CLANG_ENABLE_OBJC_ARC = YES;
				CLANG_ENABLE_OBJC_WEAK = YES;
				CLANG_WARN_BLOCK_CAPTURE_AUTORELEASING = YES;
				CLANG_WARN_BOOL_CONVERSION = YES;
				CLANG_WARN_COMMA = YES;
				CLANG_WARN_CONSTANT_CONVERSION = YES;
				CLANG_WARN_DEPRECATED_OBJC_IMPLEMENTATIONS = YES;
				CLANG_WARN_DIRECT_OBJC_ISA_USAGE = YES_ERROR;
				CLANG_WARN_DOCUMENTATION_COMMENTS = YES;
				CLANG_WARN_EMPTY_BODY = YES;
				CLANG_WARN_ENUM_CONVERSION = YES;
				CLANG_WARN_INFINITE_RECURSION = YES;
				CLANG_WARN_INT_CONVERSION = YES;
				CLANG_WARN_NON_LITERAL_NULL_CONVERSION = YES;
				CLANG_WARN_OBJC_IMPLICIT_RETAIN_SELF = YES;
				CLANG_WARN_OBJC_LITERAL_CONVERSION = YES;
				CLANG_WARN_OBJC_ROOT_CLASS = YES_ERROR;
				CLANG_WARN_QUOTED_INCLUDE_IN_FRAMEWORK_HEADER = YES;
				CLANG_WARN_RANGE_LOOP_ANALYSIS = YES;
				CLANG_WARN_STRICT_PROTOTYPES = YES;
				CLANG_WARN_SUSPICIOUS_MOVE = YES;
				CLANG_WARN_UNGUARDED_AVAILABILITY = YES_AGGRESSIVE;
				CLANG_WARN_UNREACHABLE_CODE = YES;
				CLANG_WARN__DUPLICATE_METHOD_MATCH = YES;
				COPY_PHASE_STRIP = NO;
				DEBUG_INFORMATION_FORMAT = dwarf;
				ENABLE_STRICT_OBJC_MSGSEND = YES;
				ENABLE_TESTABILITY = YES;
				GCC_C_LANGUAGE_STANDARD = gnu11;
				GCC_DYNAMIC_NO_PIC = NO;
				GCC_NO_COMMON_BLOCKS = YES;
				GCC_OPTIMIZATION_LEVEL = 0;
				GCC_PREPROCESSOR_DEFINITIONS = (
					"DEBUG=1",
					"$(inherited)",
				);
				GCC_WARN_64_TO_32_BIT_CONVERSION = YES;
				GCC_WARN_ABOUT_RETURN_TYPE = YES_ERROR;
				GCC_WARN_UNDECLARED_SELECTOR = YES;
				GCC_WARN_UNINITIALIZED_AUTOS = YES_AGGRESSIVE;
				GCC_WARN_UNUSED_FUNCTION = YES;
				GCC_WARN_UNUSED_VARIABLE = YES;
				MTL_ENABLE_DEBUG_INFO = INCLUDE_SOURCE;
				MTL_FAST_MATH = YES;
				ONLY_ACTIVE_ARCH = YES;
				SWIFT_ACTIVE_COMPILATION_CONDITIONS = DEBUG;
				SWIFT_OPTIMIZATION_LEVEL = "-Onone";
			};
			name = Debug;
		};
		961F55952A43054600F4E802 /* Release */ = {
			isa = XCBuildConfiguration;
			buildSettings = {
				ALWAYS_SEARCH_USER_PATHS = NO;
				CLANG_ANALYZER_NONNULL = YES;
				CLANG_ANALYZER_NUMBER_OBJECT_CONVERSION = YES_AGGRESSIVE;
				CLANG_CXX_LANGUAGE_STANDARD = "gnu++20";
				CLANG_ENABLE_MODULES = YES;
				CLANG_ENABLE_OBJC_ARC = YES;
				CLANG_ENABLE_OBJC_WEAK = YES;
				CLANG_WARN_BLOCK_CAPTURE_AUTORELEASING = YES;
				CLANG_WARN_BOOL_CONVERSION = YES;
				CLANG_WARN_COMMA = YES;
				CLANG_WARN_CONSTANT_CONVERSION = YES;
				CLANG_WARN_DEPRECATED_OBJC_IMPLEMENTATIONS = YES;
				CLANG_WARN_DIRECT_OBJC_ISA_USAGE = YES_ERROR;
				CLANG_WARN_DOCUMENTATION_COMMENTS = YES;
				CLANG_WARN_EMPTY_BODY = YES;
				CLANG_WARN_ENUM_CONVERSION = YES;
				CLANG_WARN_INFINITE_RECURSION = YES;
				CLANG_WARN_INT_CONVERSION = YES;
				CLANG_WARN_NON_LITERAL_NULL_CONVERSION = YES;
				CLANG_WARN_OBJC_IMPLICIT_RETAIN_SELF = YES;
				CLANG_WARN_OBJC_LITERAL_CONVERSION = YES;
				CLANG_WARN_OBJC_ROOT_CLASS = YES_ERROR;
				CLANG_WARN_QUOTED_INCLUDE_IN_FRAMEWORK_HEADER = YES;
				CLANG_WARN_RANGE_LOOP_ANALYSIS = YES;
				CLANG_WARN_STRICT_PROTOTYPES = YES;
				CLANG_WARN_SUSPICIOUS_MOVE = YES;
				CLANG_WARN_UNGUARDED_AVAILABILITY = YES_AGGRESSIVE;
				CLANG_WARN_UNREACHABLE_CODE = YES;
				CLANG_WARN__DUPLICATE_METHOD_MATCH = YES;
				COPY_PHASE_STRIP = NO;
				DEBUG_INFORMATION_FORMAT = "dwarf-with-dsym";
				ENABLE_NS_ASSERTIONS = NO;
				ENABLE_STRICT_OBJC_MSGSEND = YES;
				GCC_C_LANGUAGE_STANDARD = gnu11;
				GCC_NO_COMMON_BLOCKS = YES;
				GCC_WARN_64_TO_32_BIT_CONVERSION = YES;
				GCC_WARN_ABOUT_RETURN_TYPE = YES_ERROR;
				GCC_WARN_UNDECLARED_SELECTOR = YES;
				GCC_WARN_UNINITIALIZED_AUTOS = YES_AGGRESSIVE;
				GCC_WARN_UNUSED_FUNCTION = YES;
				GCC_WARN_UNUSED_VARIABLE = YES;
				MTL_ENABLE_DEBUG_INFO = NO;
				MTL_FAST_MATH = YES;
				SWIFT_COMPILATION_MODE = wholemodule;
				SWIFT_OPTIMIZATION_LEVEL = "-O";
			};
			name = Release;
		};
		961F55972A43054600F4E802 /* Debug */ = {
			isa = XCBuildConfiguration;
			buildSettings = {
				ASSETCATALOG_COMPILER_APPICON_NAME = AppIcon;
				ASSETCATALOG_COMPILER_GLOBAL_ACCENT_COLOR_NAME = AccentColor;
				CODE_SIGN_ENTITLEMENTS = GitProject/GitProject.entitlements;
				CODE_SIGN_STYLE = Automatic;
				CURRENT_PROJECT_VERSION = 1;
				DEVELOPMENT_ASSET_PATHS = "\"GitProject/Preview Content\"";
				DEVELOPMENT_TEAM = 7DD844695V;
				ENABLE_HARDENED_RUNTIME = YES;
				ENABLE_PREVIEWS = YES;
				GENERATE_INFOPLIST_FILE = YES;
				"INFOPLIST_KEY_UIApplicationSceneManifest_Generation[sdk=iphoneos*]" = YES;
				"INFOPLIST_KEY_UIApplicationSceneManifest_Generation[sdk=iphonesimulator*]" = YES;
				"INFOPLIST_KEY_UIApplicationSupportsIndirectInputEvents[sdk=iphoneos*]" = YES;
				"INFOPLIST_KEY_UIApplicationSupportsIndirectInputEvents[sdk=iphonesimulator*]" = YES;
				"INFOPLIST_KEY_UILaunchScreen_Generation[sdk=iphoneos*]" = YES;
				"INFOPLIST_KEY_UILaunchScreen_Generation[sdk=iphonesimulator*]" = YES;
				"INFOPLIST_KEY_UIStatusBarStyle[sdk=iphoneos*]" = UIStatusBarStyleDefault;
				"INFOPLIST_KEY_UIStatusBarStyle[sdk=iphonesimulator*]" = UIStatusBarStyleDefault;
				INFOPLIST_KEY_UISupportedInterfaceOrientations_iPad = "UIInterfaceOrientationPortrait UIInterfaceOrientationPortraitUpsideDown UIInterfaceOrientationLandscapeLeft UIInterfaceOrientationLandscapeRight";
				INFOPLIST_KEY_UISupportedInterfaceOrientations_iPhone = "UIInterfaceOrientationPortrait UIInterfaceOrientationLandscapeLeft UIInterfaceOrientationLandscapeRight";
				IPHONEOS_DEPLOYMENT_TARGET = 16.4;
				LD_RUNPATH_SEARCH_PATHS = "@executable_path/Frameworks";
				"LD_RUNPATH_SEARCH_PATHS[sdk=macosx*]" = "@executable_path/../Frameworks";
				MACOSX_DEPLOYMENT_TARGET = 13.3;
				MARKETING_VERSION = 1.0;
				PRODUCT_BUNDLE_IDENTIFIER = marine.GitProject;
				PRODUCT_NAME = "$(TARGET_NAME)";
				SDKROOT = auto;
				SUPPORTED_PLATFORMS = "iphoneos iphonesimulator macosx";
				SWIFT_EMIT_LOC_STRINGS = YES;
				SWIFT_VERSION = 5.0;
				TARGETED_DEVICE_FAMILY = "1,2";
			};
			name = Debug;
		};
		961F55982A43054600F4E802 /* Release */ = {
			isa = XCBuildConfiguration;
			buildSettings = {
				ASSETCATALOG_COMPILER_APPICON_NAME = AppIcon;
				ASSETCATALOG_COMPILER_GLOBAL_ACCENT_COLOR_NAME = AccentColor;
				CODE_SIGN_ENTITLEMENTS = GitProject/GitProject.entitlements;
				CODE_SIGN_STYLE = Automatic;
				CURRENT_PROJECT_VERSION = 1;
				DEVELOPMENT_ASSET_PATHS = "\"GitProject/Preview Content\"";
				DEVELOPMENT_TEAM = 7DD844695V;
				ENABLE_HARDENED_RUNTIME = YES;
				ENABLE_PREVIEWS = YES;
				GENERATE_INFOPLIST_FILE = YES;
				"INFOPLIST_KEY_UIApplicationSceneManifest_Generation[sdk=iphoneos*]" = YES;
				"INFOPLIST_KEY_UIApplicationSceneManifest_Generation[sdk=iphonesimulator*]" = YES;
				"INFOPLIST_KEY_UIApplicationSupportsIndirectInputEvents[sdk=iphoneos*]" = YES;
				"INFOPLIST_KEY_UIApplicationSupportsIndirectInputEvents[sdk=iphonesimulator*]" = YES;
				"INFOPLIST_KEY_UILaunchScreen_Generation[sdk=iphoneos*]" = YES;
				"INFOPLIST_KEY_UILaunchScreen_Generation[sdk=iphonesimulator*]" = YES;
				"INFOPLIST_KEY_UIStatusBarStyle[sdk=iphoneos*]" = UIStatusBarStyleDefault;
				"INFOPLIST_KEY_UIStatusBarStyle[sdk=iphonesimulator*]" = UIStatusBarStyleDefault;
				INFOPLIST_KEY_UISupportedInterfaceOrientations_iPad = "UIInterfaceOrientationPortrait UIInterfaceOrientationPortraitUpsideDown UIInterfaceOrientationLandscapeLeft UIInterfaceOrientationLandscapeRight";
				INFOPLIST_KEY_UISupportedInterfaceOrientations_iPhone = "UIInterfaceOrientationPortrait UIInterfaceOrientationLandscapeLeft UIInterfaceOrientationLandscapeRight";
				IPHONEOS_DEPLOYMENT_TARGET = 16.4;
				LD_RUNPATH_SEARCH_PATHS = "@executable_path/Frameworks";
				"LD_RUNPATH_SEARCH_PATHS[sdk=macosx*]" = "@executable_path/../Frameworks";
				MACOSX_DEPLOYMENT_TARGET = 13.3;
				MARKETING_VERSION = 1.0;
				PRODUCT_BUNDLE_IDENTIFIER = marine.GitProject;
				PRODUCT_NAME = "$(TARGET_NAME)";
				SDKROOT = auto;
				SUPPORTED_PLATFORMS = "iphoneos iphonesimulator macosx";
				SWIFT_EMIT_LOC_STRINGS = YES;
				SWIFT_VERSION = 5.0;
				TARGETED_DEVICE_FAMILY = "1,2";
			};
			name = Release;
		};
		961F559A2A43054600F4E802 /* Debug */ = {
			isa = XCBuildConfiguration;
			buildSettings = {
				ALWAYS_EMBED_SWIFT_STANDARD_LIBRARIES = YES;
				BUNDLE_LOADER = "$(TEST_HOST)";
				CODE_SIGN_STYLE = Automatic;
				CURRENT_PROJECT_VERSION = 1;
				DEVELOPMENT_TEAM = 7DD844695V;
				GENERATE_INFOPLIST_FILE = YES;
				IPHONEOS_DEPLOYMENT_TARGET = 16.4;
				MACOSX_DEPLOYMENT_TARGET = 13.3;
				MARKETING_VERSION = 1.0;
				PRODUCT_BUNDLE_IDENTIFIER = marine.GitProjectTests;
				PRODUCT_NAME = "$(TARGET_NAME)";
				SDKROOT = auto;
				SUPPORTED_PLATFORMS = "iphoneos iphonesimulator macosx";
				SWIFT_EMIT_LOC_STRINGS = NO;
				SWIFT_VERSION = 5.0;
				TARGETED_DEVICE_FAMILY = "1,2";
				TEST_HOST = "$(BUILT_PRODUCTS_DIR)/GitProject.app/$(BUNDLE_EXECUTABLE_FOLDER_PATH)/GitProject";
			};
			name = Debug;
		};
		961F559B2A43054600F4E802 /* Release */ = {
			isa = XCBuildConfiguration;
			buildSettings = {
				ALWAYS_EMBED_SWIFT_STANDARD_LIBRARIES = YES;
				BUNDLE_LOADER = "$(TEST_HOST)";
				CODE_SIGN_STYLE = Automatic;
				CURRENT_PROJECT_VERSION = 1;
				DEVELOPMENT_TEAM = 7DD844695V;
				GENERATE_INFOPLIST_FILE = YES;
				IPHONEOS_DEPLOYMENT_TARGET = 16.4;
				MACOSX_DEPLOYMENT_TARGET = 13.3;
				MARKETING_VERSION = 1.0;
				PRODUCT_BUNDLE_IDENTIFIER = marine.GitProjectTests;
				PRODUCT_NAME = "$(TARGET_NAME)";
				SDKROOT = auto;
				SUPPORTED_PLATFORMS = "iphoneos iphonesimulator macosx";
				SWIFT_EMIT_LOC_STRINGS = NO;
				SWIFT_VERSION = 5.0;
				TARGETED_DEVICE_FAMILY = "1,2";
				TEST_HOST = "$(BUILT_PRODUCTS_DIR)/GitProject.app/$(BUNDLE_EXECUTABLE_FOLDER_PATH)/GitProject";
			};
			name = Release;
		};
		961F559D2A43054600F4E802 /* Debug */ = {
			isa = XCBuildConfiguration;
			buildSettings = {
				ALWAYS_EMBED_SWIFT_STANDARD_LIBRARIES = YES;
				CODE_SIGN_STYLE = Automatic;
				CURRENT_PROJECT_VERSION = 1;
				DEVELOPMENT_TEAM = 7DD844695V;
				GENERATE_INFOPLIST_FILE = YES;
				IPHONEOS_DEPLOYMENT_TARGET = 16.4;
				MACOSX_DEPLOYMENT_TARGET = 13.3;
				MARKETING_VERSION = 1.0;
				PRODUCT_BUNDLE_IDENTIFIER = marine.GitProjectUITests;
				PRODUCT_NAME = "$(TARGET_NAME)";
				SDKROOT = auto;
				SUPPORTED_PLATFORMS = "iphoneos iphonesimulator macosx";
				SWIFT_EMIT_LOC_STRINGS = NO;
				SWIFT_VERSION = 5.0;
				TARGETED_DEVICE_FAMILY = "1,2";
				TEST_TARGET_NAME = GitProject;
			};
			name = Debug;
		};
		961F559E2A43054600F4E802 /* Release */ = {
			isa = XCBuildConfiguration;
			buildSettings = {
				ALWAYS_EMBED_SWIFT_STANDARD_LIBRARIES = YES;
				CODE_SIGN_STYLE = Automatic;
				CURRENT_PROJECT_VERSION = 1;
				DEVELOPMENT_TEAM = 7DD844695V;
				GENERATE_INFOPLIST_FILE = YES;
				IPHONEOS_DEPLOYMENT_TARGET = 16.4;
				MACOSX_DEPLOYMENT_TARGET = 13.3;
				MARKETING_VERSION = 1.0;
				PRODUCT_BUNDLE_IDENTIFIER = marine.GitProjectUITests;
				PRODUCT_NAME = "$(TARGET_NAME)";
				SDKROOT = auto;
				SUPPORTED_PLATFORMS = "iphoneos iphonesimulator macosx";
				SWIFT_EMIT_LOC_STRINGS = NO;
				SWIFT_VERSION = 5.0;
				TARGETED_DEVICE_FAMILY = "1,2";
				TEST_TARGET_NAME = GitProject;
			};
			name = Release;
		};
/* End XCBuildConfiguration section */

/* Begin XCConfigurationList section */
		961F556C2A43054400F4E802 /* Build configuration list for PBXProject "GitProject" */ = {
			isa = XCConfigurationList;
			buildConfigurations = (
				961F55942A43054600F4E802 /* Debug */,
				961F55952A43054600F4E802 /* Release */,
			);
			defaultConfigurationIsVisible = 0;
			defaultConfigurationName = Release;
		};
		961F55962A43054600F4E802 /* Build configuration list for PBXNativeTarget "GitProject" */ = {
			isa = XCConfigurationList;
			buildConfigurations = (
				961F55972A43054600F4E802 /* Debug */,
				961F55982A43054600F4E802 /* Release */,
			);
			defaultConfigurationIsVisible = 0;
			defaultConfigurationName = Release;
		};
		961F55992A43054600F4E802 /* Build configuration list for PBXNativeTarget "GitProjectTests" */ = {
			isa = XCConfigurationList;
			buildConfigurations = (
				961F559A2A43054600F4E802 /* Debug */,
				961F559B2A43054600F4E802 /* Release */,
			);
			defaultConfigurationIsVisible = 0;
			defaultConfigurationName = Release;
		};
		961F559C2A43054600F4E802 /* Build configuration list for PBXNativeTarget "GitProjectUITests" */ = {
			isa = XCConfigurationList;
			buildConfigurations = (
				961F559D2A43054600F4E802 /* Debug */,
				961F559E2A43054600F4E802 /* Release */,
			);
			defaultConfigurationIsVisible = 0;
			defaultConfigurationName = Release;
		};
/* End XCConfigurationList section */
	};
	rootObject = 961F55692A43054400F4E802 /* Project object */;
}
